{
  "requires": true,
  "lockfileVersion": 1,
  "dependencies": {
    "@angular/router": {
      "version": "10.0.5",
      "resolved": "https://registry.npmjs.org/@angular/router/-/router-10.0.5.tgz",
      "integrity": "sha512-hUGffVOjkdaN5IN9fSipm5ED+XGyfc9yOr5hYr/6YA3H4xaQzXZGlzrrDhAVltTyYalD2LJeXhzlvp59lXgcjg==",
      "requires": {
        "tslib": "^2.0.0"
      }
    },
    "@types/angular": {
      "version": "1.7.2",
      "resolved": "https://registry.npmjs.org/@types/angular/-/angular-1.7.2.tgz",
      "integrity": "sha512-UBEgZTFg+tAvGZrJpTfTrRbBHXdcA3GErBs+QfIM1K8Gnzl7WghYc7gsbWRQ7rXvpnxmbffAFLPkKl32XEx8IQ=="
    },
    "@types/angular-resource": {
      "version": "1.5.15",
      "resolved": "https://registry.npmjs.org/@types/angular-resource/-/angular-resource-1.5.15.tgz",
      "integrity": "sha512-9YZwDxh+YMYtVvgEtW8oVQXKDJf0QcLrvR5hS9NMi/faDm2V+87TuHBtQBMPKEgMo0SyyVxKzhg8gsscNVMFUw==",
      "requires": {
        "@types/angular": "*"
      }
    },
    "angular-mocks": {
      "version": "1.8.0",
      "resolved": "https://registry.npmjs.org/angular-mocks/-/angular-mocks-1.8.0.tgz",
      "integrity": "sha512-oFKJIqR6zcsW6V9UQMuUYCXIcTy+n7oYExXxZkvU57hwJQdU1nuNZcSMQA9URiEAPyo7v3bqm0eOP3Ezi7Bigg=="
    },
    "angular-resource": {
      "version": "1.8.0",
      "resolved": "https://registry.npmjs.org/angular-resource/-/angular-resource-1.8.0.tgz",
      "integrity": "sha512-9woUq3kDwoT7R6SjKX8vaJMhOplYBm9sqRAxKgDhDIdPyA8iBowqQIusf9+8Q+z/HlXb8ZXvKspJyKXrxmKdvg=="
    },
    "angular-route": {
      "version": "1.8.0",
      "resolved": "https://registry.npmjs.org/angular-route/-/angular-route-1.8.0.tgz",
      "integrity": "sha512-ORvXAdVfCCA6XFwyjSkVQFFGufj0mNGiCvBR93Qsii8+7t/6Ioy6wheUoCj1x4NWUv7hAq3nYYGCVO6QEKb1BQ=="
    },
    "tslib": {
      "version": "2.0.0",
      "resolved": "https://registry.npmjs.org/tslib/-/tslib-2.0.0.tgz",
      "integrity": "sha512-lTqkx847PI7xEDYJntxZH89L2/aXInsyF2luSafe/+0fHOMjlBNXdH6th7f70qxLDhul7KZK0zC8V5ZIyHl0/g=="
    }
  }
}
